# tools.lock — pinned scanner versions and container images
# Generated by appsec. Do not edit manually.
#
# Format: tool=image/version
gosec=v2.21.1
gitleaks=v8.21.2
semgrep=docker.io/semgrep/semgrep:latest
trivy=docker.io/aquasec/trivy:latest
bandit=appsec-bandit:latest
sonarqube=docker.io/sonarqube:latest
zaproxy=docker.io/zaproxy/zaproxy:stable
nuclei=docker.io/projectdiscovery/nuclei:latest
dirsearch=v0.4.3
nmap=latest
ffuf=v2.1.0
garak=latest
